NeoBundleLock ctrlp.vim 7a80267ed061f3dc30bb319f438bdadfd8c7b1fd
NeoBundleLock gruvbox e4ba7abe5ccccc0ebea0e33a4e045f96311020d8
NeoBundleLock neobundle.vim 847cbd0d180a9ff2baf369c788e186b8aafaae8b
NeoBundleLock neosnippet-snippets ec9267240ecb855657de830c9c68e5f6e34cfe65
NeoBundleLock neosnippet.vim 2e188180fd88527eaaa868cde04ea90623b3cc10
NeoBundleLock nerdtree 4ebbb533c3faf2c480211db2b547972bb3b60f2b
NeoBundleLock vim-colorschemes 28a989b28457e38df620e4c7ab23e224aff70efe
NeoBundleLock vim-fugitive 207c643ea46860c84dad5c5ba7033779c15a7b96
NeoBundleLock vimproc.vim f96e476e41ab4cdb9c37242c8cf76f1e5aa5b91d
NeoBundleLock vimshell 3787e52766812d8b99a93ccdda57517bc2a0bab6
