NeoBundleLock ctrlp.vim 84c6e6ff672333aae1d65acf58ccfb3cb346ad9d
NeoBundleLock gruvbox 3dba3e946605e953195178826cda01fb1c3ce0f5
NeoBundleLock neobundle.vim 68ada3fa48ed8f6dd4464e6aecc7a4e51dd02762
NeoBundleLock neosnippet-snippets 78ac80ea5855766a1d0a6269cdb73b8a821f7206
NeoBundleLock neosnippet.vim 1617094a8c9df36d9a505f533b3a2efa44039412
NeoBundleLock nerdtree bcf3de4fdffae45fc7c85b6b84a01b37177924aa
NeoBundleLock vim-colorschemes 28a989b28457e38df620e4c7ab23e224aff70efe
NeoBundleLock vim-fugitive b319b694539017dcd789dc2c42f784a30d7b28b8
NeoBundleLock vimproc.vim 9d87064fa9da09c53d928d519254ad1c254aaf87
NeoBundleLock vimshell 3787e52766812d8b99a93ccdda57517bc2a0bab6
